
Microsoft Visual Studio Solution File, Format Version 12.00
# Visual Studio Version 17
VisualStudioVersion = 17.3.32929.385
MinimumVisualStudioVersion = 10.0.40219.1
Project("{FAE04EC0-301F-11D3-BF4B-00C04F79EFBC}") = "EmployeeWage", "EmployeeWage.csproj", "{35D899C2-10B7-41CF-B062-2F4BCF2985FE}"
EndProject
Global
	GlobalSection(SolutionConfigurationPlatforms) = preSolution
		Debug|Any CPU = Debug|Any CPU
		Release|Any CPU = Release|Any CPU
	EndGlobalSection
	GlobalSection(ProjectConfigurationPlatforms) = postSolution
		{35D899C2-10B7-41CF-B062-2F4BCF2985FE}.Debug|Any CPU.ActiveCfg = Debug|Any CPU
		{35D899C2-10B7-41CF-B062-2F4BCF2985FE}.Debug|Any CPU.Build.0 = Debug|Any CPU
		{35D899C2-10B7-41CF-B062-2F4BCF2985FE}.Release|Any CPU.ActiveCfg = Release|Any CPU
		{35D899C2-10B7-41CF-B062-2F4BCF2985FE}.Release|Any CPU.Build.0 = Release|Any CPU
	EndGlobalSection
	GlobalSection(SolutionProperties) = preSolution
		HideSolutionNode = FALSE
	EndGlobalSection
	GlobalSection(ExtensibilityGlobals) = postSolution
		SolutionGuid = {A45C6535-DAC0-4B8F-B2C4-0B5B8E12C4E0}
	EndGlobalSection
EndGlobal
